// !$*UTF8*$!
{
	archiveVersion = 1;
	classes = {
	};
	objectVersion = 50;
	objects = {

/* Begin PBXBuildFile section */
		3608E7D024CA0D9E00EF7F12 /* AvoidKeyboardView.swift in Sources */ = {isa = PBXBuildFile; fileRef = 3608E7CF24CA0D9E00EF7F12 /* AvoidKeyboardView.swift */; };
		3608E7D124CA0D9E00EF7F12 /* AvoidKeyboardView.swift in Sources */ = {isa = PBXBuildFile; fileRef = 3608E7CF24CA0D9E00EF7F12 /* AvoidKeyboardView.swift */; };
		3677A6BB24A69993003C0E1E /* Tests_iOS.swift in Sources */ = {isa = PBXBuildFile; fileRef = 3677A6BA24A69993003C0E1E /* Tests_iOS.swift */; };
		3677A6C624A69993003C0E1E /* Tests_macOS.swift in Sources */ = {isa = PBXBuildFile; fileRef = 3677A6C524A69993003C0E1E /* Tests_macOS.swift */; };
		3677A6C824A69993003C0E1E /* WWDC20App.swift in Sources */ = {isa = PBXBuildFile; fileRef = 3677A69F24A69992003C0E1E /* WWDC20App.swift */; };
		3677A6C924A69993003C0E1E /* WWDC20App.swift in Sources */ = {isa = PBXBuildFile; fileRef = 3677A69F24A69992003C0E1E /* WWDC20App.swift */; };
		3677A6CA24A69993003C0E1E /* ContentView.swift in Sources */ = {isa = PBXBuildFile; fileRef = 3677A6A024A69992003C0E1E /* ContentView.swift */; };
		3677A6CB24A69993003C0E1E /* ContentView.swift in Sources */ = {isa = PBXBuildFile; fileRef = 3677A6A024A69992003C0E1E /* ContentView.swift */; };
		3677A6CC24A69993003C0E1E /* Assets.xcassets in Resources */ = {isa = PBXBuildFile; fileRef = 3677A6A124A69992003C0E1E /* Assets.xcassets */; };
		3677A6CD24A69993003C0E1E /* Assets.xcassets in Resources */ = {isa = PBXBuildFile; fileRef = 3677A6A124A69992003C0E1E /* Assets.xcassets */; };
		3677A6DD24A699EF003C0E1E /* ColorPickerView.swift in Sources */ = {isa = PBXBuildFile; fileRef = 3677A6DC24A699EF003C0E1E /* ColorPickerView.swift */; };
		3677A6DE24A699EF003C0E1E /* ColorPickerView.swift in Sources */ = {isa = PBXBuildFile; fileRef = 3677A6DC24A699EF003C0E1E /* ColorPickerView.swift */; };
		3677A6E024A69A17003C0E1E /* VerticalGridView.swift in Sources */ = {isa = PBXBuildFile; fileRef = 3677A6DF24A69A17003C0E1E /* VerticalGridView.swift */; };
		3677A6E124A69A17003C0E1E /* VerticalGridView.swift in Sources */ = {isa = PBXBuildFile; fileRef = 3677A6DF24A69A17003C0E1E /* VerticalGridView.swift */; };
		3677A6E324A69A45003C0E1E /* ProgressExampleView.swift in Sources */ = {isa = PBXBuildFile; fileRef = 3677A6E224A69A44003C0E1E /* ProgressExampleView.swift */; };
		3677A6E424A69A45003C0E1E /* ProgressExampleView.swift in Sources */ = {isa = PBXBuildFile; fileRef = 3677A6E224A69A44003C0E1E /* ProgressExampleView.swift */; };
		3677A6E624A69A65003C0E1E /* PageViewExampleView.swift in Sources */ = {isa = PBXBuildFile; fileRef = 3677A6E524A69A65003C0E1E /* PageViewExampleView.swift */; };
		3677A6E724A69A65003C0E1E /* PageViewExampleView.swift in Sources */ = {isa = PBXBuildFile; fileRef = 3677A6E524A69A65003C0E1E /* PageViewExampleView.swift */; };
		3677A6E924A69A83003C0E1E /* TextEditorView.swift in Sources */ = {isa = PBXBuildFile; fileRef = 3677A6E824A69A83003C0E1E /* TextEditorView.swift */; };
		3677A6EA24A69A83003C0E1E /* TextEditorView.swift in Sources */ = {isa = PBXBuildFile; fileRef = 3677A6E824A69A83003C0E1E /* TextEditorView.swift */; };
		36D973FF24A69F97006AE42D /* HorizontalGridView.swift in Sources */ = {isa = PBXBuildFile; fileRef = 36D973FE24A69F97006AE42D /* HorizontalGridView.swift */; };
		36D9740024A69F97006AE42D /* HorizontalGridView.swift in Sources */ = {isa = PBXBuildFile; fileRef = 36D973FE24A69F97006AE42D /* HorizontalGridView.swift */; };
		36D9740224A77E2E006AE42D /* ClippingExampleView.swift in Sources */ = {isa = PBXBuildFile; fileRef = 36D9740124A77E2E006AE42D /* ClippingExampleView.swift */; };
		36D9740324A77E2E006AE42D /* ClippingExampleView.swift in Sources */ = {isa = PBXBuildFile; fileRef = 36D9740124A77E2E006AE42D /* ClippingExampleView.swift */; };
		36D9740524A785B6006AE42D /* OutlineExample.swift in Sources */ = {isa = PBXBuildFile; fileRef = 36D9740424A785B6006AE42D /* OutlineExample.swift */; };
		36D9740624A785B6006AE42D /* OutlineExample.swift in Sources */ = {isa = PBXBuildFile; fileRef = 36D9740424A785B6006AE42D /* OutlineExample.swift */; };
/* End PBXBuildFile section */

/* Begin PBXContainerItemProxy section */
		3677A6B724A69993003C0E1E /* PBXContainerItemProxy */ = {
			isa = PBXContainerItemProxy;
			containerPortal = 3677A69A24A69992003C0E1E /* Project object */;
			proxyType = 1;
			remoteGlobalIDString = 3677A6A524A69993003C0E1E;
			remoteInfo = iOS;
		};
		3677A6C224A69993003C0E1E /* PBXContainerItemProxy */ = {
			isa = PBXContainerItemProxy;
			containerPortal = 3677A69A24A69992003C0E1E /* Project object */;
			proxyType = 1;
			remoteGlobalIDString = 3677A6AD24A69993003C0E1E;
			remoteInfo = macOS;
		};
/* End PBXContainerItemProxy section */

/* Begin PBXFileReference section */
		3608E7CF24CA0D9E00EF7F12 /* AvoidKeyboardView.swift */ = {isa = PBXFileReference; lastKnownFileType = sourcecode.swift; path = AvoidKeyboardView.swift; sourceTree = "<group>"; };
		3677A69F24A69992003C0E1E /* WWDC20App.swift */ = {isa = PBXFileReference; lastKnownFileType = sourcecode.swift; path = WWDC20App.swift; sourceTree = "<group>"; };
		3677A6A024A69992003C0E1E /* ContentView.swift */ = {isa = PBXFileReference; lastKnownFileType = sourcecode.swift; path = ContentView.swift; sourceTree = "<group>"; };
		3677A6A124A69992003C0E1E /* Assets.xcassets */ = {isa = PBXFileReference; lastKnownFileType = folder.assetcatalog; path = Assets.xcassets; sourceTree = "<group>"; };
		3677A6A624A69993003C0E1E /* WWDC20.app */ = {isa = PBXFileReference; explicitFileType = wrapper.application; includeInIndex = 0; path = WWDC20.app; sourceTree = BUILT_PRODUCTS_DIR; };
		3677A6A924A69993003C0E1E /* Info.plist */ = {isa = PBXFileReference; lastKnownFileType = text.plist.xml; path = Info.plist; sourceTree = "<group>"; };
		3677A6AE24A69993003C0E1E /* WWDC20.app */ = {isa = PBXFileReference; explicitFileType = wrapper.application; includeInIndex = 0; path = WWDC20.app; sourceTree = BUILT_PRODUCTS_DIR; };
		3677A6B024A69993003C0E1E /* Info.plist */ = {isa = PBXFileReference; lastKnownFileType = text.plist.xml; path = Info.plist; sourceTree = "<group>"; };
		3677A6B124A69993003C0E1E /* macOS.entitlements */ = {isa = PBXFileReference; lastKnownFileType = text.plist.entitlements; path = macOS.entitlements; sourceTree = "<group>"; };
		3677A6B624A69993003C0E1E /* Tests iOS.xctest */ = {isa = PBXFileReference; explicitFileType = wrapper.cfbundle; includeInIndex = 0; path = "Tests iOS.xctest"; sourceTree = BUILT_PRODUCTS_DIR; };
		3677A6BA24A69993003C0E1E /* Tests_iOS.swift */ = {isa = PBXFileReference; lastKnownFileType = sourcecode.swift; path = Tests_iOS.swift; sourceTree = "<group>"; };
		3677A6BC24A69993003C0E1E /* Info.plist */ = {isa = PBXFileReference; lastKnownFileType = text.plist.xml; path = Info.plist; sourceTree = "<group>"; };
		3677A6C124A69993003C0E1E /* Tests macOS.xctest */ = {isa = PBXFileReference; explicitFileType = wrapper.cfbundle; includeInIndex = 0; path = "Tests macOS.xctest"; sourceTree = BUILT_PRODUCTS_DIR; };
		3677A6C524A69993003C0E1E /* Tests_macOS.swift */ = {isa = PBXFileReference; lastKnownFileType = sourcecode.swift; path = Tests_macOS.swift; sourceTree = "<group>"; };
		3677A6C724A69993003C0E1E /* Info.plist */ = {isa = PBXFileReference; lastKnownFileType = text.plist.xml; path = Info.plist; sourceTree = "<group>"; };
		3677A6DC24A699EF003C0E1E /* ColorPickerView.swift */ = {isa = PBXFileReference; fileEncoding = 4; lastKnownFileType = sourcecode.swift; path = ColorPickerView.swift; sourceTree = "<group>"; };
		3677A6DF24A69A17003C0E1E /* VerticalGridView.swift */ = {isa = PBXFileReference; fileEncoding = 4; lastKnownFileType = sourcecode.swift; path = VerticalGridView.swift; sourceTree = "<group>"; };
		3677A6E224A69A44003C0E1E /* ProgressExampleView.swift */ = {isa = PBXFileReference; fileEncoding = 4; lastKnownFileType = sourcecode.swift; path = ProgressExampleView.swift; sourceTree = "<group>"; };
		3677A6E524A69A65003C0E1E /* PageViewExampleView.swift */ = {isa = PBXFileReference; fileEncoding = 4; lastKnownFileType = sourcecode.swift; path = PageViewExampleView.swift; sourceTree = "<group>"; };
		3677A6E824A69A83003C0E1E /* TextEditorView.swift */ = {isa = PBXFileReference; fileEncoding = 4; lastKnownFileType = sourcecode.swift; path = TextEditorView.swift; sourceTree = "<group>"; };
		36D973FE24A69F97006AE42D /* HorizontalGridView.swift */ = {isa = PBXFileReference; lastKnownFileType = sourcecode.swift; path = HorizontalGridView.swift; sourceTree = "<group>"; };
		36D9740124A77E2E006AE42D /* ClippingExampleView.swift */ = {isa = PBXFileReference; lastKnownFileType = sourcecode.swift; path = ClippingExampleView.swift; sourceTree = "<group>"; };
		36D9740424A785B6006AE42D /* OutlineExample.swift */ = {isa = PBXFileReference; lastKnownFileType = sourcecode.swift; path = OutlineExample.swift; sourceTree = "<group>"; };
/* End PBXFileReference section */

/* Begin PBXFrameworksBuildPhase section */
		3677A6A324A69993003C0E1E /* Frameworks */ = {
			isa = PBXFrameworksBuildPhase;
			buildActionMask = 2147483647;
			files = (
			);
			runOnlyForDeploymentPostprocessing = 0;
		};
		3677A6AB24A69993003C0E1E /* Frameworks */ = {
			isa = PBXFrameworksBuildPhase;
			buildActionMask = 2147483647;
			files = (
			);
			runOnlyForDeploymentPostprocessing = 0;
		};
		3677A6B324A69993003C0E1E /* Frameworks */ = {
			isa = PBXFrameworksBuildPhase;
			buildActionMask = 2147483647;
			files = (
			);
			runOnlyForDeploymentPostprocessing = 0;
		};
		3677A6BE24A69993003C0E1E /* Frameworks */ = {
			isa = PBXFrameworksBuildPhase;
			buildActionMask = 2147483647;
			files = (
			);
			runOnlyForDeploymentPostprocessing = 0;
		};
/* End PBXFrameworksBuildPhase section */

/* Begin PBXGroup section */
		3677A69924A69992003C0E1E = {
			isa = PBXGroup;
			children = (
				3677A69E24A69992003C0E1E /* Shared */,
				3677A6A824A69993003C0E1E /* iOS */,
				3677A6AF24A69993003C0E1E /* macOS */,
				3677A6B924A69993003C0E1E /* Tests iOS */,
				3677A6C424A69993003C0E1E /* Tests macOS */,
				3677A6A724A69993003C0E1E /* Products */,
			);
			sourceTree = "<group>";
		};
		3677A69E24A69992003C0E1E /* Shared */ = {
			isa = PBXGroup;
			children = (
				3677A69F24A69992003C0E1E /* WWDC20App.swift */,
				3677A6A024A69992003C0E1E /* ContentView.swift */,
				3677A6DC24A699EF003C0E1E /* ColorPickerView.swift */,
				3677A6DF24A69A17003C0E1E /* VerticalGridView.swift */,
				36D973FE24A69F97006AE42D /* HorizontalGridView.swift */,
				3677A6E224A69A44003C0E1E /* ProgressExampleView.swift */,
				3677A6E524A69A65003C0E1E /* PageViewExampleView.swift */,
				3677A6E824A69A83003C0E1E /* TextEditorView.swift */,
				36D9740124A77E2E006AE42D /* ClippingExampleView.swift */,
				36D9740424A785B6006AE42D /* OutlineExample.swift */,
				3608E7CF24CA0D9E00EF7F12 /* AvoidKeyboardView.swift */,
				3677A6A124A69992003C0E1E /* Assets.xcassets */,
			);
			path = Shared;
			sourceTree = "<group>";
		};
		3677A6A724A69993003C0E1E /* Products */ = {
			isa = PBXGroup;
			children = (
				3677A6A624A69993003C0E1E /* WWDC20.app */,
				3677A6AE24A69993003C0E1E /* WWDC20.app */,
				3677A6B624A69993003C0E1E /* Tests iOS.xctest */,
				3677A6C124A69993003C0E1E /* Tests macOS.xctest */,
			);
			name = Products;
			sourceTree = "<group>";
		};
		3677A6A824A69993003C0E1E /* iOS */ = {
			isa = PBXGroup;
			children = (
				3677A6A924A69993003C0E1E /* Info.plist */,
			);
			path = iOS;
			sourceTree = "<group>";
		};
		3677A6AF24A69993003C0E1E /* macOS */ = {
			isa = PBXGroup;
			children = (
				3677A6B024A69993003C0E1E /* Info.plist */,
				3677A6B124A69993003C0E1E /* macOS.entitlements */,
			);
			path = macOS;
			sourceTree = "<group>";
		};
		3677A6B924A69993003C0E1E /* Tests iOS */ = {
			isa = PBXGroup;
			children = (
				3677A6BA24A69993003C0E1E /* Tests_iOS.swift */,
				3677A6BC24A69993003C0E1E /* Info.plist */,
			);
			path = "Tests iOS";
			sourceTree = "<group>";
		};
		3677A6C424A69993003C0E1E /* Tests macOS */ = {
			isa = PBXGroup;
			children = (
				3677A6C524A69993003C0E1E /* Tests_macOS.swift */,
				3677A6C724A69993003C0E1E /* Info.plist */,
			);
			path = "Tests macOS";
			sourceTree = "<group>";
		};
/* End PBXGroup section */

/* Begin PBXNativeTarget section */
		3677A6A524A69993003C0E1E /* iOS */ = {
			isa = PBXNativeTarget;
			buildConfigurationList = 3677A6D024A69993003C0E1E /* Build configuration list for PBXNativeTarget "iOS" */;
			buildPhases = (
				3677A6A224A69993003C0E1E /* Sources */,
				3677A6A324A69993003C0E1E /* Frameworks */,
				3677A6A424A69993003C0E1E /* Resources */,
			);
			buildRules = (
			);
			dependencies = (
			);
			name = iOS;
			productName = iOS;
			productReference = 3677A6A624A69993003C0E1E /* WWDC20.app */;
			productType = "com.apple.product-type.application";
		};
		3677A6AD24A69993003C0E1E /* macOS */ = {
			isa = PBXNativeTarget;
			buildConfigurationList = 3677A6D324A69993003C0E1E /* Build configuration list for PBXNativeTarget "macOS" */;
			buildPhases = (
				3677A6AA24A69993003C0E1E /* Sources */,
				3677A6AB24A69993003C0E1E /* Frameworks */,
				3677A6AC24A69993003C0E1E /* Resources */,
			);
			buildRules = (
			);
			dependencies = (
			);
			name = macOS;
			productName = macOS;
			productReference = 3677A6AE24A69993003C0E1E /* WWDC20.app */;
			productType = "com.apple.product-type.application";
		};
		3677A6B524A69993003C0E1E /* Tests iOS */ = {
			isa = PBXNativeTarget;
			buildConfigurationList = 3677A6D624A69993003C0E1E /* Build configuration list for PBXNativeTarget "Tests iOS" */;
			buildPhases = (
				3677A6B224A69993003C0E1E /* Sources */,
				3677A6B324A69993003C0E1E /* Frameworks */,
				3677A6B424A69993003C0E1E /* Resources */,
			);
			buildRules = (
			);
			dependencies = (
				3677A6B824A69993003C0E1E /* PBXTargetDependency */,
			);
			name = "Tests iOS";
			productName = "Tests iOS";
			productReference = 3677A6B624A69993003C0E1E /* Tests iOS.xctest */;
			productType = "com.apple.product-type.bundle.ui-testing";
		};
		3677A6C024A69993003C0E1E /* Tests macOS */ = {
			isa = PBXNativeTarget;
			buildConfigurationList = 3677A6D924A69993003C0E1E /* Build configuration list for PBXNativeTarget "Tests macOS" */;
			buildPhases = (
				3677A6BD24A69993003C0E1E /* Sources */,
				3677A6BE24A69993003C0E1E /* Frameworks */,
				3677A6BF24A69993003C0E1E /* Resources */,
			);
			buildRules = (
			);
			dependencies = (
				3677A6C324A69993003C0E1E /* PBXTargetDependency */,
			);
			name = "Tests macOS";
			productName = "Tests macOS";
			productReference = 3677A6C124A69993003C0E1E /* Tests macOS.xctest */;
			productType = "com.apple.product-type.bundle.ui-testing";
		};
/* End PBXNativeTarget section */

/* Begin PBXProject section */
		3677A69A24A69992003C0E1E /* Project object */ = {
			isa = PBXProject;
			attributes = {
				LastSwiftUpdateCheck = 1200;
				LastUpgradeCheck = 1200;
				TargetAttributes = {
					3677A6A524A69993003C0E1E = {
						CreatedOnToolsVersion = 12.0;
					};
					3677A6AD24A69993003C0E1E = {
						CreatedOnToolsVersion = 12.0;
					};
					3677A6B524A69993003C0E1E = {
						CreatedOnToolsVersion = 12.0;
						TestTargetID = 3677A6A524A69993003C0E1E;
					};
					3677A6C024A69993003C0E1E = {
						CreatedOnToolsVersion = 12.0;
						TestTargetID = 3677A6AD24A69993003C0E1E;
					};
				};
			};
			buildConfigurationList = 3677A69D24A69992003C0E1E /* Build configuration list for PBXProject "WWDC20" */;
			compatibilityVersion = "Xcode 9.3";
			developmentRegion = en;
			hasScannedForEncodings = 0;
			knownRegions = (
				en,
				Base,
			);
			mainGroup = 3677A69924A69992003C0E1E;
			productRefGroup = 3677A6A724A69993003C0E1E /* Products */;
			projectDirPath = "";
			projectRoot = "";
			targets = (
				3677A6A524A69993003C0E1E /* iOS */,
				3677A6AD24A69993003C0E1E /* macOS */,
				3677A6B524A69993003C0E1E /* Tests iOS */,
				3677A6C024A69993003C0E1E /* Tests macOS */,
			);
		};
/* End PBXProject section */

/* Begin PBXResourcesBuildPhase section */
		3677A6A424A69993003C0E1E /* Resources */ = {
			isa = PBXResourcesBuildPhase;
			buildActionMask = 2147483647;
			files = (
				3677A6CC24A69993003C0E1E /* Assets.xcassets in Resources */,
			);
			runOnlyForDeploymentPostprocessing = 0;
		};
		3677A6AC24A69993003C0E1E /* Resources */ = {
			isa = PBXResourcesBuildPhase;
			buildActionMask = 2147483647;
			files = (
				3677A6CD24A69993003C0E1E /* Assets.xcassets in Resources */,
			);
			runOnlyForDeploymentPostprocessing = 0;
		};
		3677A6B424A69993003C0E1E /* Resources */ = {
			isa = PBXResourcesBuildPhase;
			buildActionMask = 2147483647;
			files = (
			);
			runOnlyForDeploymentPostprocessing = 0;
		};
		3677A6BF24A69993003C0E1E /* Resources */ = {
			isa = PBXResourcesBuildPhase;
			buildActionMask = 2147483647;
			files = (
			);
			runOnlyForDeploymentPostprocessing = 0;
		};
/* End PBXResourcesBuildPhase section */

/* Begin PBXSourcesBuildPhase section */
		3677A6A224A69993003C0E1E /* Sources */ = {
			isa = PBXSourcesBuildPhase;
			buildActionMask = 2147483647;
			files = (
				36D9740224A77E2E006AE42D /* ClippingExampleView.swift in Sources */,
				3677A6E024A69A17003C0E1E /* VerticalGridView.swift in Sources */,
				3677A6E324A69A45003C0E1E /* ProgressExampleView.swift in Sources */,
				3677A6CA24A69993003C0E1E /* ContentView.swift in Sources */,
				3677A6E624A69A65003C0E1E /* PageViewExampleView.swift in Sources */,
				3608E7D024CA0D9E00EF7F12 /* AvoidKeyboardView.swift in Sources */,
				36D9740524A785B6006AE42D /* OutlineExample.swift in Sources */,
				3677A6C824A69993003C0E1E /* WWDC20App.swift in Sources */,
				3677A6DD24A699EF003C0E1E /* ColorPickerView.swift in Sources */,
				36D973FF24A69F97006AE42D /* HorizontalGridView.swift in Sources */,
				3677A6E924A69A83003C0E1E /* TextEditorView.swift in Sources */,
			);
			runOnlyForDeploymentPostprocessing = 0;
		};
		3677A6AA24A69993003C0E1E /* Sources */ = {
			isa = PBXSourcesBuildPhase;
			buildActionMask = 2147483647;
			files = (
				36D9740324A77E2E006AE42D /* ClippingExampleView.swift in Sources */,
				3677A6E124A69A17003C0E1E /* VerticalGridView.swift in Sources */,
				3677A6E424A69A45003C0E1E /* ProgressExampleView.swift in Sources */,
				3677A6CB24A69993003C0E1E /* ContentView.swift in Sources */,
				3677A6E724A69A65003C0E1E /* PageViewExampleView.swift in Sources */,
				3608E7D124CA0D9E00EF7F12 /* AvoidKeyboardView.swift in Sources */,
				36D9740624A785B6006AE42D /* OutlineExample.swift in Sources */,
				3677A6C924A69993003C0E1E /* WWDC20App.swift in Sources */,
				3677A6DE24A699EF003C0E1E /* ColorPickerView.swift in Sources */,
				36D9740024A69F97006AE42D /* HorizontalGridView.swift in Sources */,
				3677A6EA24A69A83003C0E1E /* TextEditorView.swift in Sources */,
			);
			runOnlyForDeploymentPostprocessing = 0;
		};
		3677A6B224A69993003C0E1E /* Sources */ = {
			isa = PBXSourcesBuildPhase;
			buildActionMask = 2147483647;
			files = (
				3677A6BB24A69993003C0E1E /* Tests_iOS.swift in Sources */,
			);
			runOnlyForDeploymentPostprocessing = 0;
		};
		3677A6BD24A69993003C0E1E /* Sources */ = {
			isa = PBXSourcesBuildPhase;
			buildActionMask = 2147483647;
			files = (
				3677A6C624A69993003C0E1E /* Tests_macOS.swift in Sources */,
			);
			runOnlyForDeploymentPostprocessing = 0;
		};
/* End PBXSourcesBuildPhase section */

/* Begin PBXTargetDependency section */
		3677A6B824A69993003C0E1E /* PBXTargetDependency */ = {
			isa = PBXTargetDependency;
			target = 3677A6A524A69993003C0E1E /* iOS */;
			targetProxy = 3677A6B724A69993003C0E1E /* PBXContainerItemProxy */;
		};
		3677A6C324A69993003C0E1E /* PBXTargetDependency */ = {
			isa = PBXTargetDependency;
			target = 3677A6AD24A69993003C0E1E /* macOS */;
			targetProxy = 3677A6C224A69993003C0E1E /* PBXContainerItemProxy */;
		};
/* End PBXTargetDependency section */

/* Begin XCBuildConfiguration section */
		3677A6CE24A69993003C0E1E /* Debug */ = {
			isa = XCBuildConfiguration;
			buildSettings = {
				ALWAYS_SEARCH_USER_PATHS = NO;
				CLANG_ANALYZER_NONNULL = YES;
				CLANG_ANALYZER_NUMBER_OBJECT_CONVERSION = YES_AGGRESSIVE;
				CLANG_CXX_LANGUAGE_STANDARD = "gnu++14";
				CLANG_CXX_LIBRARY = "libc++";
				CLANG_ENABLE_MODULES = YES;
				CLANG_ENABLE_OBJC_ARC = YES;
				CLANG_ENABLE_OBJC_WEAK = YES;
				CLANG_WARN_BLOCK_CAPTURE_AUTORELEASING = YES;
				CLANG_WARN_BOOL_CONVERSION = YES;
				CLANG_WARN_COMMA = YES;
				CLANG_WARN_CONSTANT_CONVERSION = YES;
				CLANG_WARN_DEPRECATED_OBJC_IMPLEMENTATIONS = YES;
				CLANG_WARN_DIRECT_OBJC_ISA_USAGE = YES_ERROR;
				CLANG_WARN_DOCUMENTATION_COMMENTS = YES;
				CLANG_WARN_EMPTY_BODY = YES;
				CLANG_WARN_ENUM_CONVERSION = YES;
				CLANG_WARN_INFINITE_RECURSION = YES;
				CLANG_WARN_INT_CONVERSION = YES;
				CLANG_WARN_NON_LITERAL_NULL_CONVERSION = YES;
				CLANG_WARN_OBJC_IMPLICIT_RETAIN_SELF = YES;
				CLANG_WARN_OBJC_LITERAL_CONVERSION = YES;
				CLANG_WARN_OBJC_ROOT_CLASS = YES_ERROR;
				CLANG_WARN_QUOTED_INCLUDE_IN_FRAMEWORK_HEADER = YES;
				CLANG_WARN_RANGE_LOOP_ANALYSIS = YES;
				CLANG_WARN_STRICT_PROTOTYPES = YES;
				CLANG_WARN_SUSPICIOUS_MOVE = YES;
				CLANG_WARN_UNGUARDED_AVAILABILITY = YES_AGGRESSIVE;
				CLANG_WARN_UNREACHABLE_CODE = YES;
				CLANG_WARN__DUPLICATE_METHOD_MATCH = YES;
				COPY_PHASE_STRIP = NO;
				DEBUG_INFORMATION_FORMAT = dwarf;
				ENABLE_STRICT_OBJC_MSGSEND = YES;
				ENABLE_TESTABILITY = YES;
				GCC_C_LANGUAGE_STANDARD = gnu11;
				GCC_DYNAMIC_NO_PIC = NO;
				GCC_NO_COMMON_BLOCKS = YES;
				GCC_OPTIMIZATION_LEVEL = 0;
				GCC_PREPROCESSOR_DEFINITIONS = (
					"DEBUG=1",
					"$(inherited)",
				);
				GCC_WARN_64_TO_32_BIT_CONVERSION = YES;
				GCC_WARN_ABOUT_RETURN_TYPE = YES_ERROR;
				GCC_WARN_UNDECLARED_SELECTOR = YES;
				GCC_WARN_UNINITIALIZED_AUTOS = YES_AGGRESSIVE;
				GCC_WARN_UNUSED_FUNCTION = YES;
				GCC_WARN_UNUSED_VARIABLE = YES;
				MTL_ENABLE_DEBUG_INFO = INCLUDE_SOURCE;
				MTL_FAST_MATH = YES;
				ONLY_ACTIVE_ARCH = YES;
				SWIFT_ACTIVE_COMPILATION_CONDITIONS = DEBUG;
				SWIFT_OPTIMIZATION_LEVEL = "-Onone";
			};
			name = Debug;
		};
		3677A6CF24A69993003C0E1E /* Release */ = {
			isa = XCBuildConfiguration;
			buildSettings = {
				ALWAYS_SEARCH_USER_PATHS = NO;
				CLANG_ANALYZER_NONNULL = YES;
				CLANG_ANALYZER_NUMBER_OBJECT_CONVERSION = YES_AGGRESSIVE;
				CLANG_CXX_LANGUAGE_STANDARD = "gnu++14";
				CLANG_CXX_LIBRARY = "libc++";
				CLANG_ENABLE_MODULES = YES;
				CLANG_ENABLE_OBJC_ARC = YES;
				CLANG_ENABLE_OBJC_WEAK = YES;
				CLANG_WARN_BLOCK_CAPTURE_AUTORELEASING = YES;
				CLANG_WARN_BOOL_CONVERSION = YES;
				CLANG_WARN_COMMA = YES;
				CLANG_WARN_CONSTANT_CONVERSION = YES;
				CLANG_WARN_DEPRECATED_OBJC_IMPLEMENTATIONS = YES;
				CLANG_WARN_DIRECT_OBJC_ISA_USAGE = YES_ERROR;
				CLANG_WARN_DOCUMENTATION_COMMENTS = YES;
				CLANG_WARN_EMPTY_BODY = YES;
				CLANG_WARN_ENUM_CONVERSION = YES;
				CLANG_WARN_INFINITE_RECURSION = YES;
				CLANG_WARN_INT_CONVERSION = YES;
				CLANG_WARN_NON_LITERAL_NULL_CONVERSION = YES;
				CLANG_WARN_OBJC_IMPLICIT_RETAIN_SELF = YES;
				CLANG_WARN_OBJC_LITERAL_CONVERSION = YES;
				CLANG_WARN_OBJC_ROOT_CLASS = YES_ERROR;
				CLANG_WARN_QUOTED_INCLUDE_IN_FRAMEWORK_HEADER = YES;
				CLANG_WARN_RANGE_LOOP_ANALYSIS = YES;
				CLANG_WARN_STRICT_PROTOTYPES = YES;
				CLANG_WARN_SUSPICIOUS_MOVE = YES;
				CLANG_WARN_UNGUARDED_AVAILABILITY = YES_AGGRESSIVE;
				CLANG_WARN_UNREACHABLE_CODE = YES;
				CLANG_WARN__DUPLICATE_METHOD_MATCH = YES;
				COPY_PHASE_STRIP = NO;
				DEBUG_INFORMATION_FORMAT = "dwarf-with-dsym";
				ENABLE_NS_ASSERTIONS = NO;
				ENABLE_STRICT_OBJC_MSGSEND = YES;
				GCC_C_LANGUAGE_STANDARD = gnu11;
				GCC_NO_COMMON_BLOCKS = YES;
				GCC_WARN_64_TO_32_BIT_CONVERSION = YES;
				GCC_WARN_ABOUT_RETURN_TYPE = YES_ERROR;
				GCC_WARN_UNDECLARED_SELECTOR = YES;
				GCC_WARN_UNINITIALIZED_AUTOS = YES_AGGRESSIVE;
				GCC_WARN_UNUSED_FUNCTION = YES;
				GCC_WARN_UNUSED_VARIABLE = YES;
				MTL_ENABLE_DEBUG_INFO = NO;
				MTL_FAST_MATH = YES;
				SWIFT_COMPILATION_MODE = wholemodule;
				SWIFT_OPTIMIZATION_LEVEL = "-O";
			};
			name = Release;
		};
		3677A6D124A69993003C0E1E /* Debug */ = {
			isa = XCBuildConfiguration;
			buildSettings = {
				ASSETCATALOG_COMPILER_APPICON_NAME = AppIcon;
				ASSETCATALOG_COMPILER_GLOBAL_ACCENT_COLOR_NAME = AccentColor;
				CODE_SIGN_STYLE = Automatic;
				DEVELOPMENT_TEAM = P8EBW8LF2M;
				ENABLE_PREVIEWS = YES;
				INFOPLIST_FILE = iOS/Info.plist;
				IPHONEOS_DEPLOYMENT_TARGET = 14.0;
				LD_RUNPATH_SEARCH_PATHS = (
					"$(inherited)",
					"@executable_path/Frameworks",
				);
				PRODUCT_BUNDLE_IDENTIFIER = dev.ilter.app.WWDC20;
				PRODUCT_NAME = WWDC20;
				SDKROOT = iphoneos;
				SWIFT_VERSION = 5.0;
				TARGETED_DEVICE_FAMILY = "1,2";
			};
			name = Debug;
		};
		3677A6D224A69993003C0E1E /* Release */ = {
			isa = XCBuildConfiguration;
			buildSettings = {
				ASSETCATALOG_COMPILER_APPICON_NAME = AppIcon;
				ASSETCATALOG_COMPILER_GLOBAL_ACCENT_COLOR_NAME = AccentColor;
				CODE_SIGN_STYLE = Automatic;
				DEVELOPMENT_TEAM = P8EBW8LF2M;
				ENABLE_PREVIEWS = YES;
				INFOPLIST_FILE = iOS/Info.plist;
				IPHONEOS_DEPLOYMENT_TARGET = 14.0;
				LD_RUNPATH_SEARCH_PATHS = (
					"$(inherited)",
					"@executable_path/Frameworks",
				);
				PRODUCT_BUNDLE_IDENTIFIER = dev.ilter.app.WWDC20;
				PRODUCT_NAME = WWDC20;
				SDKROOT = iphoneos;
				SWIFT_VERSION = 5.0;
				TARGETED_DEVICE_FAMILY = "1,2";
				VALIDATE_PRODUCT = YES;
			};
			name = Release;
		};
		3677A6D424A69993003C0E1E /* Debug */ = {
			isa = XCBuildConfiguration;
			buildSettings = {
				ASSETCATALOG_COMPILER_APPICON_NAME = AppIcon;
				ASSETCATALOG_COMPILER_GLOBAL_ACCENT_COLOR_NAME = AccentColor;
				CODE_SIGN_ENTITLEMENTS = macOS/macOS.entitlements;
				CODE_SIGN_STYLE = Automatic;
				COMBINE_HIDPI_IMAGES = YES;
				DEVELOPMENT_TEAM = P8EBW8LF2M;
				ENABLE_HARDENED_RUNTIME = YES;
				ENABLE_PREVIEWS = YES;
				INFOPLIST_FILE = macOS/Info.plist;
				LD_RUNPATH_SEARCH_PATHS = (
					"$(inherited)",
					"@executable_path/../Frameworks",
				);
				MACOSX_DEPLOYMENT_TARGET = 10.16;
				PRODUCT_BUNDLE_IDENTIFIER = dev.ilter.app.WWDC20;
				PRODUCT_NAME = WWDC20;
				SDKROOT = macosx;
				SWIFT_VERSION = 5.0;
			};
			name = Debug;
		};
		3677A6D524A69993003C0E1E /* Release */ = {
			isa = XCBuildConfiguration;
			buildSettings = {
				ASSETCATALOG_COMPILER_APPICON_NAME = AppIcon;
				ASSETCATALOG_COMPILER_GLOBAL_ACCENT_COLOR_NAME = AccentColor;
				CODE_SIGN_ENTITLEMENTS = macOS/macOS.entitlements;
				CODE_SIGN_STYLE = Automatic;
				COMBINE_HIDPI_IMAGES = YES;
				DEVELOPMENT_TEAM = P8EBW8LF2M;
				ENABLE_HARDENED_RUNTIME = YES;
				ENABLE_PREVIEWS = YES;
				INFOPLIST_FILE = macOS/Info.plist;
				LD_RUNPATH_SEARCH_PATHS = (
					"$(inherited)",
					"@executable_path/../Frameworks",
				);
				MACOSX_DEPLOYMENT_TARGET = 10.16;
				PRODUCT_BUNDLE_IDENTIFIER = dev.ilter.app.WWDC20;
				PRODUCT_NAME = WWDC20;
				SDKROOT = macosx;
				SWIFT_VERSION = 5.0;
			};
			name = Release;
		};
		3677A6D724A69993003C0E1E /* Debug */ = {
			isa = XCBuildConfiguration;
			buildSettings = {
				ALWAYS_EMBED_SWIFT_STANDARD_LIBRARIES = YES;
				CODE_SIGN_STYLE = Automatic;
				DEVELOPMENT_TEAM = P8EBW8LF2M;
				INFOPLIST_FILE = "Tests iOS/Info.plist";
				IPHONEOS_DEPLOYMENT_TARGET = 14.0;
				LD_RUNPATH_SEARCH_PATHS = (
					"$(inherited)",
					"@executable_path/Frameworks",
					"@loader_path/Frameworks",
				);
				PRODUCT_BUNDLE_IDENTIFIER = "dev.ilter.app.Tests-iOS";
				PRODUCT_NAME = "$(TARGET_NAME)";
				SDKROOT = iphoneos;
				SWIFT_VERSION = 5.0;
				TARGETED_DEVICE_FAMILY = "1,2";
				TEST_TARGET_NAME = iOS;
			};
			name = Debug;
		};
		3677A6D824A69993003C0E1E /* Release */ = {
			isa = XCBuildConfiguration;
			buildSettings = {
				ALWAYS_EMBED_SWIFT_STANDARD_LIBRARIES = YES;
				CODE_SIGN_STYLE = Automatic;
				DEVELOPMENT_TEAM = P8EBW8LF2M;
				INFOPLIST_FILE = "Tests iOS/Info.plist";
				IPHONEOS_DEPLOYMENT_TARGET = 14.0;
				LD_RUNPATH_SEARCH_PATHS = (
					"$(inherited)",
					"@executable_path/Frameworks",
					"@loader_path/Frameworks",
				);
				PRODUCT_BUNDLE_IDENTIFIER = "dev.ilter.app.Tests-iOS";
				PRODUCT_NAME = "$(TARGET_NAME)";
				SDKROOT = iphoneos;
				SWIFT_VERSION = 5.0;
				TARGETED_DEVICE_FAMILY = "1,2";
				TEST_TARGET_NAME = iOS;
				VALIDATE_PRODUCT = YES;
			};
			name = Release;
		};
		3677A6DA24A69993003C0E1E /* Debug */ = {
			isa = XCBuildConfiguration;
			buildSettings = {
				ALWAYS_EMBED_SWIFT_STANDARD_LIBRARIES = YES;
				CODE_SIGN_STYLE = Automatic;
				COMBINE_HIDPI_IMAGES = YES;
				DEVELOPMENT_TEAM = P8EBW8LF2M;
				INFOPLIST_FILE = "Tests macOS/Info.plist";
				LD_RUNPATH_SEARCH_PATHS = (
					"$(inherited)",
					"@executable_path/../Frameworks",
					"@loader_path/../Frameworks",
				);
				MACOSX_DEPLOYMENT_TARGET = 10.16;
				PRODUCT_BUNDLE_IDENTIFIER = "dev.ilter.app.Tests-macOS";
				PRODUCT_NAME = "$(TARGET_NAME)";
				SDKROOT = macosx;
				SWIFT_VERSION = 5.0;
				TEST_TARGET_NAME = macOS;
			};
			name = Debug;
		};
		3677A6DB24A69993003C0E1E /* Release */ = {
			isa = XCBuildConfiguration;
			buildSettings = {
				ALWAYS_EMBED_SWIFT_STANDARD_LIBRARIES = YES;
				CODE_SIGN_STYLE = Automatic;
				COMBINE_HIDPI_IMAGES = YES;
				DEVELOPMENT_TEAM = P8EBW8LF2M;
				INFOPLIST_FILE = "Tests macOS/Info.plist";
				LD_RUNPATH_SEARCH_PATHS = (
					"$(inherited)",
					"@executable_path/../Frameworks",
					"@loader_path/../Frameworks",
				);
				MACOSX_DEPLOYMENT_TARGET = 10.16;
				PRODUCT_BUNDLE_IDENTIFIER = "dev.ilter.app.Tests-macOS";
				PRODUCT_NAME = "$(TARGET_NAME)";
				SDKROOT = macosx;
				SWIFT_VERSION = 5.0;
				TEST_TARGET_NAME = macOS;
			};
			name = Release;
		};
/* End XCBuildConfiguration section */

/* Begin XCConfigurationList section */
		3677A69D24A69992003C0E1E /* Build configuration list for PBXProject "WWDC20" */ = {
			isa = XCConfigurationList;
			buildConfigurations = (
				3677A6CE24A69993003C0E1E /* Debug */,
				3677A6CF24A69993003C0E1E /* Release */,
			);
			defaultConfigurationIsVisible = 0;
			defaultConfigurationName = Release;
		};
		3677A6D024A69993003C0E1E /* Build configuration list for PBXNativeTarget "iOS" */ = {
			isa = XCConfigurationList;
			buildConfigurations = (
				3677A6D124A69993003C0E1E /* Debug */,
				3677A6D224A69993003C0E1E /* Release */,
			);
			defaultConfigurationIsVisible = 0;
			defaultConfigurationName = Release;
		};
		3677A6D324A69993003C0E1E /* Build configuration list for PBXNativeTarget "macOS" */ = {
			isa = XCConfigurationList;
			buildConfigurations = (
				3677A6D424A69993003C0E1E /* Debug */,
				3677A6D524A69993003C0E1E /* Release */,
			);
			defaultConfigurationIsVisible = 0;
			defaultConfigurationName = Release;
		};
		3677A6D624A69993003C0E1E /* Build configuration list for PBXNativeTarget "Tests iOS" */ = {
			isa = XCConfigurationList;
			buildConfigurations = (
				3677A6D724A69993003C0E1E /* Debug */,
				3677A6D824A69993003C0E1E /* Release */,
			);
			defaultConfigurationIsVisible = 0;
			defaultConfigurationName = Release;
		};
		3677A6D924A69993003C0E1E /* Build configuration list for PBXNativeTarget "Tests macOS" */ = {
			isa = XCConfigurationList;
			buildConfigurations = (
				3677A6DA24A69993003C0E1E /* Debug */,
				3677A6DB24A69993003C0E1E /* Release */,
			);
			defaultConfigurationIsVisible = 0;
			defaultConfigurationName = Release;
		};
/* End XCConfigurationList section */
	};
	rootObject = 3677A69A24A69992003C0E1E /* Project object */;
}
